// !$*UTF8*$!
{
	archiveVersion = 1;
	classes = {
	};
	objectVersion = 56;
	objects = {

/* Begin PBXBuildFile section */
		FC1422F029DC694500B116C6 /* TeamModel.swift in Sources */ = {isa = PBXBuildFile; fileRef = FC1422EF29DC694500B116C6 /* TeamModel.swift */; };
		FC1422F229DC70CE00B116C6 /* TeamService.swift in Sources */ = {isa = PBXBuildFile; fileRef = FC1422F129DC70CE00B116C6 /* TeamService.swift */; };
		FC1422F429DC726500B116C6 /* TeamManager.swift in Sources */ = {isa = PBXBuildFile; fileRef = FC1422F329DC726500B116C6 /* TeamManager.swift */; };
		FC2EB32829B14CE1003F0362 /* HistoriqueUsersView.swift in Sources */ = {isa = PBXBuildFile; fileRef = FC2EB32729B14CE1003F0362 /* HistoriqueUsersView.swift */; };
		FC3E7B5F29ACE7D500ED3A70 /* swiftyApp.swift in Sources */ = {isa = PBXBuildFile; fileRef = FC3E7B5E29ACE7D500ED3A70 /* swiftyApp.swift */; };
		FC3E7B6329ACE7D700ED3A70 /* Assets.xcassets in Resources */ = {isa = PBXBuildFile; fileRef = FC3E7B6229ACE7D700ED3A70 /* Assets.xcassets */; };
		FC3E7B6629ACE7D700ED3A70 /* Preview Assets.xcassets in Resources */ = {isa = PBXBuildFile; fileRef = FC3E7B6529ACE7D700ED3A70 /* Preview Assets.xcassets */; };
		FC3E7B8929ACE9CC00ED3A70 /* TokenAPIView.swift in Sources */ = {isa = PBXBuildFile; fileRef = FC3E7B8829ACE9CC00ED3A70 /* TokenAPIView.swift */; };
		FC3E7B8E29ACEC8B00ED3A70 /* UserSearchView.swift in Sources */ = {isa = PBXBuildFile; fileRef = FC3E7B8D29ACEC8B00ED3A70 /* UserSearchView.swift */; };
		FC3E7B9129ACEF9800ED3A70 /* UserServices.swift in Sources */ = {isa = PBXBuildFile; fileRef = FC3E7B9029ACEF9800ED3A70 /* UserServices.swift */; };
		FC3E7B9429ACF84600ED3A70 /* CredentialModel.swift in Sources */ = {isa = PBXBuildFile; fileRef = FC3E7B9329ACF84600ED3A70 /* CredentialModel.swift */; };
		FC3E7B9729AD155D00ED3A70 /* CredentialManager.swift in Sources */ = {isa = PBXBuildFile; fileRef = FC3E7B9629AD155D00ED3A70 /* CredentialManager.swift */; };
		FC3E7B9A29AD1BB500ED3A70 /* Constante.swift in Sources */ = {isa = PBXBuildFile; fileRef = FC3E7B9929AD1BB500ED3A70 /* Constante.swift */; };
		FC3E7B9D29AE359D00ED3A70 /* Lottie in Frameworks */ = {isa = PBXBuildFile; productRef = FC3E7B9C29AE359D00ED3A70 /* Lottie */; };
		FC3E7B9F29AE36A400ED3A70 /* Lottie.swift in Sources */ = {isa = PBXBuildFile; fileRef = FC3E7B9E29AE36A400ED3A70 /* Lottie.swift */; };
		FC3E7BA529AE7A6A00ED3A70 /* loading-files-white.json in Resources */ = {isa = PBXBuildFile; fileRef = FC3E7BA329AE7A6A00ED3A70 /* loading-files-white.json */; };
		FC3E7BA629AE7A6A00ED3A70 /* loading-files-black.json in Resources */ = {isa = PBXBuildFile; fileRef = FC3E7BA429AE7A6A00ED3A70 /* loading-files-black.json */; };
		FC3E7BA829AE7B7B00ED3A70 /* UserView.swift in Sources */ = {isa = PBXBuildFile; fileRef = FC3E7BA729AE7B7B00ED3A70 /* UserView.swift */; };
		FC3E7BAA29AE83F000ED3A70 /* UserModel.swift in Sources */ = {isa = PBXBuildFile; fileRef = FC3E7BA929AE83F000ED3A70 /* UserModel.swift */; };
		FC3E7BAC29AE847500ED3A70 /* Extension.swift in Sources */ = {isa = PBXBuildFile; fileRef = FC3E7BAB29AE847500ED3A70 /* Extension.swift */; };
		FC3E7BAE29AE848300ED3A70 /* Enum.swift in Sources */ = {isa = PBXBuildFile; fileRef = FC3E7BAD29AE848300ED3A70 /* Enum.swift */; };
		FC3E7BB029AE855200ED3A70 /* UserManager.swift in Sources */ = {isa = PBXBuildFile; fileRef = FC3E7BAF29AE855200ED3A70 /* UserManager.swift */; };
		FC3E7BB429AE94F100ED3A70 /* Kingfisher in Frameworks */ = {isa = PBXBuildFile; productRef = FC3E7BB329AE94F100ED3A70 /* Kingfisher */; };
		FC3E7BB629AE969400ED3A70 /* UserCardView.swift in Sources */ = {isa = PBXBuildFile; fileRef = FC3E7BB529AE969400ED3A70 /* UserCardView.swift */; };
		FC3E7BB829AEBD7400ED3A70 /* UserOnGoingProjectView.swift in Sources */ = {isa = PBXBuildFile; fileRef = FC3E7BB729AEBD7400ED3A70 /* UserOnGoingProjectView.swift */; };
		FC3E7BBA29AEC3EA00ED3A70 /* UserFinishedProjectsView.swift in Sources */ = {isa = PBXBuildFile; fileRef = FC3E7BB929AEC3EA00ED3A70 /* UserFinishedProjectsView.swift */; };
		FC3E7BBC29AEC78A00ED3A70 /* UserSkillsView.swift in Sources */ = {isa = PBXBuildFile; fileRef = FC3E7BBB29AEC78A00ED3A70 /* UserSkillsView.swift */; };
		FC3E7BBE29AFC3F300ED3A70 /* CoaModel.swift in Sources */ = {isa = PBXBuildFile; fileRef = FC3E7BBD29AFC3F300ED3A70 /* CoaModel.swift */; };
		FC503EDE29C8BE3900F0A2FA /* FileGestionView.swift in Sources */ = {isa = PBXBuildFile; fileRef = FC503EDD29C8BE3900F0A2FA /* FileGestionView.swift */; };
		FC503EFE29C8C71800F0A2FA /* MediaPickerService.swift in Sources */ = {isa = PBXBuildFile; fileRef = FC503EE129C8C71800F0A2FA /* MediaPickerService.swift */; };
		FC503EFF29C8C71800F0A2FA /* Version.swift in Sources */ = {isa = PBXBuildFile; fileRef = FC503EE329C8C71800F0A2FA /* Version.swift */; };
		FC503F0029C8C71800F0A2FA /* UIImagePickerFilter.swift in Sources */ = {isa = PBXBuildFile; fileRef = FC503EE529C8C71800F0A2FA /* UIImagePickerFilter.swift */; };
		FC503F0129C8C71800F0A2FA /* MediaPickerType.swift in Sources */ = {isa = PBXBuildFile; fileRef = FC503EE629C8C71800F0A2FA /* MediaPickerType.swift */; };
		FC503F0229C8C71800F0A2FA /* DocumentSupportedType.swift in Sources */ = {isa = PBXBuildFile; fileRef = FC503EE729C8C71800F0A2FA /* DocumentSupportedType.swift */; };
		FC503F0329C8C71800F0A2FA /* MediaPickerFilter.swift in Sources */ = {isa = PBXBuildFile; fileRef = FC503EE829C8C71800F0A2FA /* MediaPickerFilter.swift */; };
		FC503F0429C8C71800F0A2FA /* MediaPickerDocumentView.swift in Sources */ = {isa = PBXBuildFile; fileRef = FC503EEA29C8C71800F0A2FA /* MediaPickerDocumentView.swift */; };
		FC503F0529C8C71800F0A2FA /* MediaPickerMultipleView.swift in Sources */ = {isa = PBXBuildFile; fileRef = FC503EEB29C8C71800F0A2FA /* MediaPickerMultipleView.swift */; };
		FC503F0629C8C71800F0A2FA /* MediaPickerSingleView.swift in Sources */ = {isa = PBXBuildFile; fileRef = FC503EEC29C8C71800F0A2FA /* MediaPickerSingleView.swift */; };
		FC503F0729C8C71800F0A2FA /* MediaPickerObjectLoader.swift in Sources */ = {isa = PBXBuildFile; fileRef = FC503EED29C8C71800F0A2FA /* MediaPickerObjectLoader.swift */; };
		FC503F0829C8C71800F0A2FA /* MediaPickerResult.swift in Sources */ = {isa = PBXBuildFile; fileRef = FC503EEF29C8C71800F0A2FA /* MediaPickerResult.swift */; };
		FC503F0929C8C71800F0A2FA /* MediaPickerViewModifier.swift in Sources */ = {isa = PBXBuildFile; fileRef = FC503EF129C8C71800F0A2FA /* MediaPickerViewModifier.swift */; };
		FC503F0A29C8C71800F0A2FA /* MediaPickerView.swift in Sources */ = {isa = PBXBuildFile; fileRef = FC503EF229C8C71800F0A2FA /* MediaPickerView.swift */; };
		FC503F0B29C8C71800F0A2FA /* MediaPickerSelectionLimit.swift in Sources */ = {isa = PBXBuildFile; fileRef = FC503EF429C8C71800F0A2FA /* MediaPickerSelectionLimit.swift */; };
		FC503F0C29C8C71800F0A2FA /* UIDocumentPickerView.swift in Sources */ = {isa = PBXBuildFile; fileRef = FC503EF629C8C71800F0A2FA /* UIDocumentPickerView.swift */; };
		FC503F0D29C8C71800F0A2FA /* PHPickerView.swift in Sources */ = {isa = PBXBuildFile; fileRef = FC503EF729C8C71800F0A2FA /* PHPickerView.swift */; };
		FC503F0E29C8C71800F0A2FA /* UIImagePickerView.swift in Sources */ = {isa = PBXBuildFile; fileRef = FC503EF829C8C71800F0A2FA /* UIImagePickerView.swift */; };
		FC503F0F29C8C71900F0A2FA /* PDFKitView.swift in Sources */ = {isa = PBXBuildFile; fileRef = FC503EFA29C8C71800F0A2FA /* PDFKitView.swift */; };
		FC503F1029C8C71900F0A2FA /* DocumentURL.swift in Sources */ = {isa = PBXBuildFile; fileRef = FC503EFB29C8C71800F0A2FA /* DocumentURL.swift */; };
		FC503F1129C8C71900F0A2FA /* LivePhotoView.swift in Sources */ = {isa = PBXBuildFile; fileRef = FC503EFC29C8C71800F0A2FA /* LivePhotoView.swift */; };
		FC503F1229C8C71900F0A2FA /* PDFDocumentView.swift in Sources */ = {isa = PBXBuildFile; fileRef = FC503EFD29C8C71800F0A2FA /* PDFDocumentView.swift */; };
		FC503F1429C8CB5B00F0A2FA /* FriendsManager.swift in Sources */ = {isa = PBXBuildFile; fileRef = FC503F1329C8CB5B00F0A2FA /* FriendsManager.swift */; };
		FC503F1629C8CBFE00F0A2FA /* FriendsService.swift in Sources */ = {isa = PBXBuildFile; fileRef = FC503F1529C8CBFE00F0A2FA /* FriendsService.swift */; };
		FC5C4B0F29C1FE410009F4FD /* FriendsView.swift in Sources */ = {isa = PBXBuildFile; fileRef = FC5C4B0E29C1FE410009F4FD /* FriendsView.swift */; };
		FC6A6A4029D350AE007FC09B /* ProjectView.swift in Sources */ = {isa = PBXBuildFile; fileRef = FC6A6A3F29D350AE007FC09B /* ProjectView.swift */; };
		FC9325DE29AFF46100EAFCFA /* UserAchievementView.swift in Sources */ = {isa = PBXBuildFile; fileRef = FC9325DD29AFF46100EAFCFA /* UserAchievementView.swift */; };
		FC9E344229C9E944000138F9 /* LocationModel.swift in Sources */ = {isa = PBXBuildFile; fileRef = FC9E344129C9E944000138F9 /* LocationModel.swift */; };
		FC9E344429C9EB5E000138F9 /* LocationsService.swift in Sources */ = {isa = PBXBuildFile; fileRef = FC9E344329C9EB5E000138F9 /* LocationsService.swift */; };
		FC9E344629C9ECCC000138F9 /* LocationsManager.swift in Sources */ = {isa = PBXBuildFile; fileRef = FC9E344529C9ECCC000138F9 /* LocationsManager.swift */; };
		FCA8620929E0235C00B28FC1 /* WebView.swift in Sources */ = {isa = PBXBuildFile; fileRef = FCA8620829E0235C00B28FC1 /* WebView.swift */; };
		FCC32E2429D2246900D0DCB2 /* ProjectModel.swift in Sources */ = {isa = PBXBuildFile; fileRef = FCC32E2329D2246900D0DCB2 /* ProjectModel.swift */; };
		FCC32E2629D22B9100D0DCB2 /* ProjectService.swift in Sources */ = {isa = PBXBuildFile; fileRef = FCC32E2529D22B9100D0DCB2 /* ProjectService.swift */; };
		FCC32E2829D235E800D0DCB2 /* ProjectManager.swift in Sources */ = {isa = PBXBuildFile; fileRef = FCC32E2729D235E800D0DCB2 /* ProjectManager.swift */; };
		FCC6999A29B4CC1A00C704E6 /* CampusUserModel.swift in Sources */ = {isa = PBXBuildFile; fileRef = FCC6999929B4CC1A00C704E6 /* CampusUserModel.swift */; };
		FCE81FC529AFFFE200D9F330 /* SDWebImageSwiftUI in Frameworks */ = {isa = PBXBuildFile; productRef = FCE81FC429AFFFE200D9F330 /* SDWebImageSwiftUI */; };
		FCE81FC829B0025A00D9F330 /* SDWebImageSVGCoder in Frameworks */ = {isa = PBXBuildFile; productRef = FCE81FC729B0025A00D9F330 /* SDWebImageSVGCoder */; };
		FCE81FCA29B00CA400D9F330 /* AchievementDataModel.swift in Sources */ = {isa = PBXBuildFile; fileRef = FCE81FC929B00CA400D9F330 /* AchievementDataModel.swift */; };
		FCE81FCC29B00F4300D9F330 /* UserAchievementManager.swift in Sources */ = {isa = PBXBuildFile; fileRef = FCE81FCB29B00F4300D9F330 /* UserAchievementManager.swift */; };
		FCF60F942A39E40000043273 /* PiscineView.swift in Sources */ = {isa = PBXBuildFile; fileRef = FCF60F932A39E40000043273 /* PiscineView.swift */; };
		FCF60F982A3B508500043273 /* PiscinerManager.swift in Sources */ = {isa = PBXBuildFile; fileRef = FCF60F972A3B508500043273 /* PiscinerManager.swift */; };
		FCF60F9A2A3B511A00043273 /* PiscinerService.swift in Sources */ = {isa = PBXBuildFile; fileRef = FCF60F992A3B511A00043273 /* PiscinerService.swift */; };
		FCF60F9C2A3B53A600043273 /* PiscinerModel.swift in Sources */ = {isa = PBXBuildFile; fileRef = FCF60F9B2A3B53A600043273 /* PiscinerModel.swift */; };
		FCF60F9E2A3CB05100043273 /* PoulainView.swift in Sources */ = {isa = PBXBuildFile; fileRef = FCF60F9D2A3CB05100043273 /* PoulainView.swift */; };
/* End PBXBuildFile section */

/* Begin PBXFileReference section */
		FC1422EF29DC694500B116C6 /* TeamModel.swift */ = {isa = PBXFileReference; lastKnownFileType = sourcecode.swift; path = TeamModel.swift; sourceTree = "<group>"; };
		FC1422F129DC70CE00B116C6 /* TeamService.swift */ = {isa = PBXFileReference; lastKnownFileType = sourcecode.swift; path = TeamService.swift; sourceTree = "<group>"; };
		FC1422F329DC726500B116C6 /* TeamManager.swift */ = {isa = PBXFileReference; lastKnownFileType = sourcecode.swift; path = TeamManager.swift; sourceTree = "<group>"; };
		FC2EB32729B14CE1003F0362 /* HistoriqueUsersView.swift */ = {isa = PBXFileReference; lastKnownFileType = sourcecode.swift; path = HistoriqueUsersView.swift; sourceTree = "<group>"; };
		FC3E7B5B29ACE7D500ED3A70 /* swifty.app */ = {isa = PBXFileReference; explicitFileType = wrapper.application; includeInIndex = 0; path = swifty.app; sourceTree = BUILT_PRODUCTS_DIR; };
		FC3E7B5E29ACE7D500ED3A70 /* swiftyApp.swift */ = {isa = PBXFileReference; lastKnownFileType = sourcecode.swift; path = swiftyApp.swift; sourceTree = "<group>"; };
		FC3E7B6229ACE7D700ED3A70 /* Assets.xcassets */ = {isa = PBXFileReference; lastKnownFileType = folder.assetcatalog; path = Assets.xcassets; sourceTree = "<group>"; };
		FC3E7B6529ACE7D700ED3A70 /* Preview Assets.xcassets */ = {isa = PBXFileReference; lastKnownFileType = folder.assetcatalog; path = "Preview Assets.xcassets"; sourceTree = "<group>"; };
		FC3E7B8829ACE9CC00ED3A70 /* TokenAPIView.swift */ = {isa = PBXFileReference; lastKnownFileType = sourcecode.swift; path = TokenAPIView.swift; sourceTree = "<group>"; };
		FC3E7B8D29ACEC8B00ED3A70 /* UserSearchView.swift */ = {isa = PBXFileReference; lastKnownFileType = sourcecode.swift; path = UserSearchView.swift; sourceTree = "<group>"; };
		FC3E7B9029ACEF9800ED3A70 /* UserServices.swift */ = {isa = PBXFileReference; lastKnownFileType = sourcecode.swift; path = UserServices.swift; sourceTree = "<group>"; };
		FC3E7B9329ACF84600ED3A70 /* CredentialModel.swift */ = {isa = PBXFileReference; lastKnownFileType = sourcecode.swift; path = CredentialModel.swift; sourceTree = "<group>"; };
		FC3E7B9629AD155D00ED3A70 /* CredentialManager.swift */ = {isa = PBXFileReference; lastKnownFileType = sourcecode.swift; path = CredentialManager.swift; sourceTree = "<group>"; };
		FC3E7B9929AD1BB500ED3A70 /* Constante.swift */ = {isa = PBXFileReference; lastKnownFileType = sourcecode.swift; path = Constante.swift; sourceTree = "<group>"; };
		FC3E7B9E29AE36A400ED3A70 /* Lottie.swift */ = {isa = PBXFileReference; lastKnownFileType = sourcecode.swift; path = Lottie.swift; sourceTree = "<group>"; };
		FC3E7BA329AE7A6A00ED3A70 /* loading-files-white.json */ = {isa = PBXFileReference; fileEncoding = 4; lastKnownFileType = text.json; path = "loading-files-white.json"; sourceTree = "<group>"; };
		FC3E7BA429AE7A6A00ED3A70 /* loading-files-black.json */ = {isa = PBXFileReference; fileEncoding = 4; lastKnownFileType = text.json; path = "loading-files-black.json"; sourceTree = "<group>"; };
		FC3E7BA729AE7B7B00ED3A70 /* UserView.swift */ = {isa = PBXFileReference; lastKnownFileType = sourcecode.swift; path = UserView.swift; sourceTree = "<group>"; };
		FC3E7BA929AE83F000ED3A70 /* UserModel.swift */ = {isa = PBXFileReference; lastKnownFileType = sourcecode.swift; path = UserModel.swift; sourceTree = "<group>"; };
		FC3E7BAB29AE847500ED3A70 /* Extension.swift */ = {isa = PBXFileReference; lastKnownFileType = sourcecode.swift; path = Extension.swift; sourceTree = "<group>"; };
		FC3E7BAD29AE848300ED3A70 /* Enum.swift */ = {isa = PBXFileReference; lastKnownFileType = sourcecode.swift; path = Enum.swift; sourceTree = "<group>"; };
		FC3E7BAF29AE855200ED3A70 /* UserManager.swift */ = {isa = PBXFileReference; lastKnownFileType = sourcecode.swift; path = UserManager.swift; sourceTree = "<group>"; };
		FC3E7BB529AE969400ED3A70 /* UserCardView.swift */ = {isa = PBXFileReference; lastKnownFileType = sourcecode.swift; path = UserCardView.swift; sourceTree = "<group>"; };
		FC3E7BB729AEBD7400ED3A70 /* UserOnGoingProjectView.swift */ = {isa = PBXFileReference; lastKnownFileType = sourcecode.swift; path = UserOnGoingProjectView.swift; sourceTree = "<group>"; };
		FC3E7BB929AEC3EA00ED3A70 /* UserFinishedProjectsView.swift */ = {isa = PBXFileReference; lastKnownFileType = sourcecode.swift; path = UserFinishedProjectsView.swift; sourceTree = "<group>"; };
		FC3E7BBB29AEC78A00ED3A70 /* UserSkillsView.swift */ = {isa = PBXFileReference; lastKnownFileType = sourcecode.swift; path = UserSkillsView.swift; sourceTree = "<group>"; };
		FC3E7BBD29AFC3F300ED3A70 /* CoaModel.swift */ = {isa = PBXFileReference; lastKnownFileType = sourcecode.swift; path = CoaModel.swift; sourceTree = "<group>"; };
		FC503EDD29C8BE3900F0A2FA /* FileGestionView.swift */ = {isa = PBXFileReference; lastKnownFileType = sourcecode.swift; path = FileGestionView.swift; sourceTree = "<group>"; };
		FC503EE129C8C71800F0A2FA /* MediaPickerService.swift */ = {isa = PBXFileReference; fileEncoding = 4; lastKnownFileType = sourcecode.swift; path = MediaPickerService.swift; sourceTree = "<group>"; };
		FC503EE329C8C71800F0A2FA /* Version.swift */ = {isa = PBXFileReference; fileEncoding = 4; lastKnownFileType = sourcecode.swift; path = Version.swift; sourceTree = "<group>"; };
		FC503EE529C8C71800F0A2FA /* UIImagePickerFilter.swift */ = {isa = PBXFileReference; fileEncoding = 4; lastKnownFileType = sourcecode.swift; path = UIImagePickerFilter.swift; sourceTree = "<group>"; };
		FC503EE629C8C71800F0A2FA /* MediaPickerType.swift */ = {isa = PBXFileReference; fileEncoding = 4; lastKnownFileType = sourcecode.swift; path = MediaPickerType.swift; sourceTree = "<group>"; };
		FC503EE729C8C71800F0A2FA /* DocumentSupportedType.swift */ = {isa = PBXFileReference; fileEncoding = 4; lastKnownFileType = sourcecode.swift; path = DocumentSupportedType.swift; sourceTree = "<group>"; };
		FC503EE829C8C71800F0A2FA /* MediaPickerFilter.swift */ = {isa = PBXFileReference; fileEncoding = 4; lastKnownFileType = sourcecode.swift; path = MediaPickerFilter.swift; sourceTree = "<group>"; };
		FC503EEA29C8C71800F0A2FA /* MediaPickerDocumentView.swift */ = {isa = PBXFileReference; fileEncoding = 4; lastKnownFileType = sourcecode.swift; path = MediaPickerDocumentView.swift; sourceTree = "<group>"; };
		FC503EEB29C8C71800F0A2FA /* MediaPickerMultipleView.swift */ = {isa = PBXFileReference; fileEncoding = 4; lastKnownFileType = sourcecode.swift; path = MediaPickerMultipleView.swift; sourceTree = "<group>"; };
		FC503EEC29C8C71800F0A2FA /* MediaPickerSingleView.swift */ = {isa = PBXFileReference; fileEncoding = 4; lastKnownFileType = sourcecode.swift; path = MediaPickerSingleView.swift; sourceTree = "<group>"; };
		FC503EED29C8C71800F0A2FA /* MediaPickerObjectLoader.swift */ = {isa = PBXFileReference; fileEncoding = 4; lastKnownFileType = sourcecode.swift; path = MediaPickerObjectLoader.swift; sourceTree = "<group>"; };
		FC503EEF29C8C71800F0A2FA /* MediaPickerResult.swift */ = {isa = PBXFileReference; fileEncoding = 4; lastKnownFileType = sourcecode.swift; path = MediaPickerResult.swift; sourceTree = "<group>"; };
		FC503EF129C8C71800F0A2FA /* MediaPickerViewModifier.swift */ = {isa = PBXFileReference; fileEncoding = 4; lastKnownFileType = sourcecode.swift; path = MediaPickerViewModifier.swift; sourceTree = "<group>"; };
		FC503EF229C8C71800F0A2FA /* MediaPickerView.swift */ = {isa = PBXFileReference; fileEncoding = 4; lastKnownFileType = sourcecode.swift; path = MediaPickerView.swift; sourceTree = "<group>"; };
		FC503EF429C8C71800F0A2FA /* MediaPickerSelectionLimit.swift */ = {isa = PBXFileReference; fileEncoding = 4; lastKnownFileType = sourcecode.swift; path = MediaPickerSelectionLimit.swift; sourceTree = "<group>"; };
		FC503EF629C8C71800F0A2FA /* UIDocumentPickerView.swift */ = {isa = PBXFileReference; fileEncoding = 4; lastKnownFileType = sourcecode.swift; path = UIDocumentPickerView.swift; sourceTree = "<group>"; };
		FC503EF729C8C71800F0A2FA /* PHPickerView.swift */ = {isa = PBXFileReference; fileEncoding = 4; lastKnownFileType = sourcecode.swift; path = PHPickerView.swift; sourceTree = "<group>"; };
		FC503EF829C8C71800F0A2FA /* UIImagePickerView.swift */ = {isa = PBXFileReference; fileEncoding = 4; lastKnownFileType = sourcecode.swift; path = UIImagePickerView.swift; sourceTree = "<group>"; };
		FC503EFA29C8C71800F0A2FA /* PDFKitView.swift */ = {isa = PBXFileReference; fileEncoding = 4; lastKnownFileType = sourcecode.swift; path = PDFKitView.swift; sourceTree = "<group>"; };
		FC503EFB29C8C71800F0A2FA /* DocumentURL.swift */ = {isa = PBXFileReference; fileEncoding = 4; lastKnownFileType = sourcecode.swift; path = DocumentURL.swift; sourceTree = "<group>"; };
		FC503EFC29C8C71800F0A2FA /* LivePhotoView.swift */ = {isa = PBXFileReference; fileEncoding = 4; lastKnownFileType = sourcecode.swift; path = LivePhotoView.swift; sourceTree = "<group>"; };
		FC503EFD29C8C71800F0A2FA /* PDFDocumentView.swift */ = {isa = PBXFileReference; fileEncoding = 4; lastKnownFileType = sourcecode.swift; path = PDFDocumentView.swift; sourceTree = "<group>"; };
		FC503F1329C8CB5B00F0A2FA /* FriendsManager.swift */ = {isa = PBXFileReference; lastKnownFileType = sourcecode.swift; path = FriendsManager.swift; sourceTree = "<group>"; };
		FC503F1529C8CBFE00F0A2FA /* FriendsService.swift */ = {isa = PBXFileReference; lastKnownFileType = sourcecode.swift; path = FriendsService.swift; sourceTree = "<group>"; };
		FC5C4B0E29C1FE410009F4FD /* FriendsView.swift */ = {isa = PBXFileReference; lastKnownFileType = sourcecode.swift; path = FriendsView.swift; sourceTree = "<group>"; };
		FC6A6A3F29D350AE007FC09B /* ProjectView.swift */ = {isa = PBXFileReference; lastKnownFileType = sourcecode.swift; path = ProjectView.swift; sourceTree = "<group>"; };
		FC9325DD29AFF46100EAFCFA /* UserAchievementView.swift */ = {isa = PBXFileReference; lastKnownFileType = sourcecode.swift; path = UserAchievementView.swift; sourceTree = "<group>"; };
		FC9DE07B29B26F9200AF895F /* Info.plist */ = {isa = PBXFileReference; lastKnownFileType = text.plist; path = Info.plist; sourceTree = "<group>"; };
		FC9E344129C9E944000138F9 /* LocationModel.swift */ = {isa = PBXFileReference; lastKnownFileType = sourcecode.swift; path = LocationModel.swift; sourceTree = "<group>"; };
		FC9E344329C9EB5E000138F9 /* LocationsService.swift */ = {isa = PBXFileReference; lastKnownFileType = sourcecode.swift; path = LocationsService.swift; sourceTree = "<group>"; };
		FC9E344529C9ECCC000138F9 /* LocationsManager.swift */ = {isa = PBXFileReference; lastKnownFileType = sourcecode.swift; path = LocationsManager.swift; sourceTree = "<group>"; };
		FCA8620829E0235C00B28FC1 /* WebView.swift */ = {isa = PBXFileReference; lastKnownFileType = sourcecode.swift; path = WebView.swift; sourceTree = "<group>"; };
		FCC32E2329D2246900D0DCB2 /* ProjectModel.swift */ = {isa = PBXFileReference; lastKnownFileType = sourcecode.swift; path = ProjectModel.swift; sourceTree = "<group>"; };
		FCC32E2529D22B9100D0DCB2 /* ProjectService.swift */ = {isa = PBXFileReference; lastKnownFileType = sourcecode.swift; path = ProjectService.swift; sourceTree = "<group>"; };
		FCC32E2729D235E800D0DCB2 /* ProjectManager.swift */ = {isa = PBXFileReference; lastKnownFileType = sourcecode.swift; path = ProjectManager.swift; sourceTree = "<group>"; };
		FCC6999929B4CC1A00C704E6 /* CampusUserModel.swift */ = {isa = PBXFileReference; lastKnownFileType = sourcecode.swift; path = CampusUserModel.swift; sourceTree = "<group>"; };
		FCE81FC929B00CA400D9F330 /* AchievementDataModel.swift */ = {isa = PBXFileReference; lastKnownFileType = sourcecode.swift; path = AchievementDataModel.swift; sourceTree = "<group>"; };
		FCE81FCB29B00F4300D9F330 /* UserAchievementManager.swift */ = {isa = PBXFileReference; lastKnownFileType = sourcecode.swift; path = UserAchievementManager.swift; sourceTree = "<group>"; };
		FCF60F932A39E40000043273 /* PiscineView.swift */ = {isa = PBXFileReference; lastKnownFileType = sourcecode.swift; path = PiscineView.swift; sourceTree = "<group>"; };
		FCF60F972A3B508500043273 /* PiscinerManager.swift */ = {isa = PBXFileReference; lastKnownFileType = sourcecode.swift; path = PiscinerManager.swift; sourceTree = "<group>"; };
		FCF60F992A3B511A00043273 /* PiscinerService.swift */ = {isa = PBXFileReference; lastKnownFileType = sourcecode.swift; path = PiscinerService.swift; sourceTree = "<group>"; };
		FCF60F9B2A3B53A600043273 /* PiscinerModel.swift */ = {isa = PBXFileReference; lastKnownFileType = sourcecode.swift; path = PiscinerModel.swift; sourceTree = "<group>"; };
		FCF60F9D2A3CB05100043273 /* PoulainView.swift */ = {isa = PBXFileReference; lastKnownFileType = sourcecode.swift; path = PoulainView.swift; sourceTree = "<group>"; };
/* End PBXFileReference section */

/* Begin PBXFrameworksBuildPhase section */
		FC3E7B5829ACE7D500ED3A70 /* Frameworks */ = {
			isa = PBXFrameworksBuildPhase;
			buildActionMask = 2147483647;
			files = (
				FCE81FC529AFFFE200D9F330 /* SDWebImageSwiftUI in Frameworks */,
				FCE81FC829B0025A00D9F330 /* SDWebImageSVGCoder in Frameworks */,
				FC3E7BB429AE94F100ED3A70 /* Kingfisher in Frameworks */,
				FC3E7B9D29AE359D00ED3A70 /* Lottie in Frameworks */,
			);
			runOnlyForDeploymentPostprocessing = 0;
		};
/* End PBXFrameworksBuildPhase section */

/* Begin PBXGroup section */
		FC2EB32629B14CBB003F0362 /* SearchView */ = {
			isa = PBXGroup;
			children = (
				FC3E7B8D29ACEC8B00ED3A70 /* UserSearchView.swift */,
				FC2EB32729B14CE1003F0362 /* HistoriqueUsersView.swift */,
			);
			path = SearchView;
			sourceTree = "<group>";
		};
		FC3E7B5229ACE7D500ED3A70 = {
			isa = PBXGroup;
			children = (
				FC3E7B5D29ACE7D500ED3A70 /* swifty */,
				FC3E7B5C29ACE7D500ED3A70 /* Products */,
			);
			sourceTree = "<group>";
		};
		FC3E7B5C29ACE7D500ED3A70 /* Products */ = {
			isa = PBXGroup;
			children = (
				FC3E7B5B29ACE7D500ED3A70 /* swifty.app */,
			);
			name = Products;
			sourceTree = "<group>";
		};
		FC3E7B5D29ACE7D500ED3A70 /* swifty */ = {
			isa = PBXGroup;
			children = (
				FC503EDF29C8C71800F0A2FA /* MediaPicker */,
				FC9DE07B29B26F9200AF895F /* Info.plist */,
				FC3E7B9829AD1BA100ED3A70 /* Other */,
				FC3E7B9229ACF83500ED3A70 /* Model */,
				FC3E7B8F29ACEF7100ED3A70 /* Service */,
				FC3E7B9529ACFB4000ED3A70 /* Manager */,
				FC3E7B8A29ACEC2000ED3A70 /* View */,
				FC3E7B6229ACE7D700ED3A70 /* Assets.xcassets */,
				FC3E7B6429ACE7D700ED3A70 /* Preview Content */,
			);
			path = swifty;
			sourceTree = "<group>";
		};
		FC3E7B6429ACE7D700ED3A70 /* Preview Content */ = {
			isa = PBXGroup;
			children = (
				FC3E7B6529ACE7D700ED3A70 /* Preview Assets.xcassets */,
			);
			path = "Preview Content";
			sourceTree = "<group>";
		};
		FC3E7B8A29ACEC2000ED3A70 /* View */ = {
			isa = PBXGroup;
			children = (
				FC3E7B5E29ACE7D500ED3A70 /* swiftyApp.swift */,
				FC3E7B8829ACE9CC00ED3A70 /* TokenAPIView.swift */,
				FCF60F922A39E3C800043273 /* Piscine */,
				FC2EB32629B14CBB003F0362 /* SearchView */,
				FC3E7BB129AE949600ED3A70 /* UserDetail */,
				FC5C4B0D29C1FE1B0009F4FD /* Friends */,
				FCA8620729E0234300B28FC1 /* WebView */,
			);
			path = View;
			sourceTree = "<group>";
		};
		FC3E7B8F29ACEF7100ED3A70 /* Service */ = {
			isa = PBXGroup;
			children = (
				FC3E7B9029ACEF9800ED3A70 /* UserServices.swift */,
				FC503F1529C8CBFE00F0A2FA /* FriendsService.swift */,
				FC9E344329C9EB5E000138F9 /* LocationsService.swift */,
				FCC32E2529D22B9100D0DCB2 /* ProjectService.swift */,
				FC1422F129DC70CE00B116C6 /* TeamService.swift */,
				FCF60F992A3B511A00043273 /* PiscinerService.swift */,
			);
			path = Service;
			sourceTree = "<group>";
		};
		FC3E7B9229ACF83500ED3A70 /* Model */ = {
			isa = PBXGroup;
			children = (
				FC3E7B9329ACF84600ED3A70 /* CredentialModel.swift */,
				FC3E7BA929AE83F000ED3A70 /* UserModel.swift */,
				FC3E7BBD29AFC3F300ED3A70 /* CoaModel.swift */,
				FCE81FC929B00CA400D9F330 /* AchievementDataModel.swift */,
				FCC6999929B4CC1A00C704E6 /* CampusUserModel.swift */,
				FC9E344129C9E944000138F9 /* LocationModel.swift */,
				FCC32E2329D2246900D0DCB2 /* ProjectModel.swift */,
				FC1422EF29DC694500B116C6 /* TeamModel.swift */,
				FCF60F9B2A3B53A600043273 /* PiscinerModel.swift */,
			);
			path = Model;
			sourceTree = "<group>";
		};
		FC3E7B9529ACFB4000ED3A70 /* Manager */ = {
			isa = PBXGroup;
			children = (
				FC3E7B9629AD155D00ED3A70 /* CredentialManager.swift */,
				FC3E7BAF29AE855200ED3A70 /* UserManager.swift */,
				FCE81FCB29B00F4300D9F330 /* UserAchievementManager.swift */,
				FC503F1329C8CB5B00F0A2FA /* FriendsManager.swift */,
				FC9E344529C9ECCC000138F9 /* LocationsManager.swift */,
				FCC32E2729D235E800D0DCB2 /* ProjectManager.swift */,
				FC1422F329DC726500B116C6 /* TeamManager.swift */,
				FCF60F972A3B508500043273 /* PiscinerManager.swift */,
			);
			path = Manager;
			sourceTree = "<group>";
		};
		FC3E7B9829AD1BA100ED3A70 /* Other */ = {
			isa = PBXGroup;
			children = (
				FC3E7BA029AE36AB00ED3A70 /* Lotties */,
				FC3E7B9929AD1BB500ED3A70 /* Constante.swift */,
				FC3E7B9E29AE36A400ED3A70 /* Lottie.swift */,
				FC3E7BAB29AE847500ED3A70 /* Extension.swift */,
				FC3E7BAD29AE848300ED3A70 /* Enum.swift */,
			);
			path = Other;
			sourceTree = "<group>";
		};
		FC3E7BA029AE36AB00ED3A70 /* Lotties */ = {
			isa = PBXGroup;
			children = (
				FC3E7BA429AE7A6A00ED3A70 /* loading-files-black.json */,
				FC3E7BA329AE7A6A00ED3A70 /* loading-files-white.json */,
			);
			path = Lotties;
			sourceTree = "<group>";
		};
		FC3E7BB129AE949600ED3A70 /* UserDetail */ = {
			isa = PBXGroup;
			children = (
				FC6A6A3E29D35091007FC09B /* Project */,
				FC3E7BA729AE7B7B00ED3A70 /* UserView.swift */,
				FC3E7BB529AE969400ED3A70 /* UserCardView.swift */,
				FC3E7BB729AEBD7400ED3A70 /* UserOnGoingProjectView.swift */,
				FC3E7BB929AEC3EA00ED3A70 /* UserFinishedProjectsView.swift */,
				FC3E7BBB29AEC78A00ED3A70 /* UserSkillsView.swift */,
				FC9325DD29AFF46100EAFCFA /* UserAchievementView.swift */,
			);
			path = UserDetail;
			sourceTree = "<group>";
		};
		FC503EDF29C8C71800F0A2FA /* MediaPicker */ = {
			isa = PBXGroup;
			children = (
				FC503EE029C8C71800F0A2FA /* ViewModels */,
				FC503EE229C8C71800F0A2FA /* Util */,
				FC503EE429C8C71800F0A2FA /* Enums */,
				FC503EE929C8C71800F0A2FA /* MediaPickerViews */,
				FC503EEE29C8C71800F0A2FA /* Models */,
				FC503EF029C8C71800F0A2FA /* MediaPickerView */,
				FC503EF329C8C71800F0A2FA /* Extensions */,
				FC503EF529C8C71800F0A2FA /* UIViewControllerRespresentable */,
				FC503EF929C8C71800F0A2FA /* Helpers */,
			);
			path = MediaPicker;
			sourceTree = "<group>";
		};
		FC503EE029C8C71800F0A2FA /* ViewModels */ = {
			isa = PBXGroup;
			children = (
				FC503EE129C8C71800F0A2FA /* MediaPickerService.swift */,
			);
			path = ViewModels;
			sourceTree = "<group>";
		};
		FC503EE229C8C71800F0A2FA /* Util */ = {
			isa = PBXGroup;
			children = (
				FC503EE329C8C71800F0A2FA /* Version.swift */,
			);
			path = Util;
			sourceTree = "<group>";
		};
		FC503EE429C8C71800F0A2FA /* Enums */ = {
			isa = PBXGroup;
			children = (
				FC503EE529C8C71800F0A2FA /* UIImagePickerFilter.swift */,
				FC503EE629C8C71800F0A2FA /* MediaPickerType.swift */,
				FC503EE729C8C71800F0A2FA /* DocumentSupportedType.swift */,
				FC503EE829C8C71800F0A2FA /* MediaPickerFilter.swift */,
			);
			path = Enums;
			sourceTree = "<group>";
		};
		FC503EE929C8C71800F0A2FA /* MediaPickerViews */ = {
			isa = PBXGroup;
			children = (
				FC503EEA29C8C71800F0A2FA /* MediaPickerDocumentView.swift */,
				FC503EEB29C8C71800F0A2FA /* MediaPickerMultipleView.swift */,
				FC503EEC29C8C71800F0A2FA /* MediaPickerSingleView.swift */,
				FC503EED29C8C71800F0A2FA /* MediaPickerObjectLoader.swift */,
			);
			path = MediaPickerViews;
			sourceTree = "<group>";
		};
		FC503EEE29C8C71800F0A2FA /* Models */ = {
			isa = PBXGroup;
			children = (
				FC503EEF29C8C71800F0A2FA /* MediaPickerResult.swift */,
			);
			path = Models;
			sourceTree = "<group>";
		};
		FC503EF029C8C71800F0A2FA /* MediaPickerView */ = {
			isa = PBXGroup;
			children = (
				FC503EF129C8C71800F0A2FA /* MediaPickerViewModifier.swift */,
				FC503EF229C8C71800F0A2FA /* MediaPickerView.swift */,
			);
			path = MediaPickerView;
			sourceTree = "<group>";
		};
		FC503EF329C8C71800F0A2FA /* Extensions */ = {
			isa = PBXGroup;
			children = (
				FC503EF429C8C71800F0A2FA /* MediaPickerSelectionLimit.swift */,
			);
			path = Extensions;
			sourceTree = "<group>";
		};
		FC503EF529C8C71800F0A2FA /* UIViewControllerRespresentable */ = {
			isa = PBXGroup;
			children = (
				FC503EF629C8C71800F0A2FA /* UIDocumentPickerView.swift */,
				FC503EF729C8C71800F0A2FA /* PHPickerView.swift */,
				FC503EF829C8C71800F0A2FA /* UIImagePickerView.swift */,
			);
			path = UIViewControllerRespresentable;
			sourceTree = "<group>";
		};
		FC503EF929C8C71800F0A2FA /* Helpers */ = {
			isa = PBXGroup;
			children = (
				FC503EFA29C8C71800F0A2FA /* PDFKitView.swift */,
				FC503EFB29C8C71800F0A2FA /* DocumentURL.swift */,
				FC503EFC29C8C71800F0A2FA /* LivePhotoView.swift */,
				FC503EFD29C8C71800F0A2FA /* PDFDocumentView.swift */,
			);
			path = Helpers;
			sourceTree = "<group>";
		};
		FC5C4B0D29C1FE1B0009F4FD /* Friends */ = {
			isa = PBXGroup;
			children = (
				FC5C4B0E29C1FE410009F4FD /* FriendsView.swift */,
				FC503EDD29C8BE3900F0A2FA /* FileGestionView.swift */,
			);
			path = Friends;
			sourceTree = "<group>";
		};
		FC6A6A3E29D35091007FC09B /* Project */ = {
			isa = PBXGroup;
			children = (
				FC6A6A3F29D350AE007FC09B /* ProjectView.swift */,
			);
			path = Project;
			sourceTree = "<group>";
		};
		FCA8620729E0234300B28FC1 /* WebView */ = {
			isa = PBXGroup;
			children = (
				FCA8620829E0235C00B28FC1 /* WebView.swift */,
			);
			path = WebView;
			sourceTree = "<group>";
		};
		FCF60F922A39E3C800043273 /* Piscine */ = {
			isa = PBXGroup;
			children = (
				FCF60F932A39E40000043273 /* PiscineView.swift */,
				FCF60F9D2A3CB05100043273 /* PoulainView.swift */,
			);
			path = Piscine;
			sourceTree = "<group>";
		};
/* End PBXGroup section */

/* Begin PBXNativeTarget section */
		FC3E7B5A29ACE7D500ED3A70 /* swifty */ = {
			isa = PBXNativeTarget;
			buildConfigurationList = FC3E7B7F29ACE7D700ED3A70 /* Build configuration list for PBXNativeTarget "swifty" */;
			buildPhases = (
				FC3E7B5729ACE7D500ED3A70 /* Sources */,
				FC3E7B5829ACE7D500ED3A70 /* Frameworks */,
				FC3E7B5929ACE7D500ED3A70 /* Resources */,
				FC2EB32529B14736003F0362 /* Swiftlint */,
			);
			buildRules = (
			);
			dependencies = (
			);
			name = swifty;
			packageProductDependencies = (
				FC3E7B9C29AE359D00ED3A70 /* Lottie */,
				FC3E7BB329AE94F100ED3A70 /* Kingfisher */,
				FCE81FC429AFFFE200D9F330 /* SDWebImageSwiftUI */,
				FCE81FC729B0025A00D9F330 /* SDWebImageSVGCoder */,
			);
			productName = swifty;
			productReference = FC3E7B5B29ACE7D500ED3A70 /* swifty.app */;
			productType = "com.apple.product-type.application";
		};
/* End PBXNativeTarget section */

/* Begin PBXProject section */
		FC3E7B5329ACE7D500ED3A70 /* Project object */ = {
			isa = PBXProject;
			attributes = {
				BuildIndependentTargetsInParallel = 1;
				LastSwiftUpdateCheck = 1410;
				LastUpgradeCheck = 1410;
				TargetAttributes = {
					FC3E7B5A29ACE7D500ED3A70 = {
						CreatedOnToolsVersion = 14.1;
					};
				};
			};
			buildConfigurationList = FC3E7B5629ACE7D500ED3A70 /* Build configuration list for PBXProject "swifty" */;
			compatibilityVersion = "Xcode 14.0";
			developmentRegion = en;
			hasScannedForEncodings = 0;
			knownRegions = (
				en,
				Base,
			);
			mainGroup = FC3E7B5229ACE7D500ED3A70;
			packageReferences = (
				FC3E7B9B29AE359D00ED3A70 /* XCRemoteSwiftPackageReference "lottie-ios" */,
				FC3E7BB229AE94F100ED3A70 /* XCRemoteSwiftPackageReference "Kingfisher" */,
				FCE81FC329AFFFE200D9F330 /* XCRemoteSwiftPackageReference "SDWebImageSwiftUI" */,
				FCE81FC629B0025A00D9F330 /* XCRemoteSwiftPackageReference "SDWebImageSVGCoder" */,
			);
			productRefGroup = FC3E7B5C29ACE7D500ED3A70 /* Products */;
			projectDirPath = "";
			projectRoot = "";
			targets = (
				FC3E7B5A29ACE7D500ED3A70 /* swifty */,
			);
		};
/* End PBXProject section */

/* Begin PBXResourcesBuildPhase section */
		FC3E7B5929ACE7D500ED3A70 /* Resources */ = {
			isa = PBXResourcesBuildPhase;
			buildActionMask = 2147483647;
			files = (
				FC3E7BA629AE7A6A00ED3A70 /* loading-files-black.json in Resources */,
				FC3E7B6629ACE7D700ED3A70 /* Preview Assets.xcassets in Resources */,
				FC3E7BA529AE7A6A00ED3A70 /* loading-files-white.json in Resources */,
				FC3E7B6329ACE7D700ED3A70 /* Assets.xcassets in Resources */,
			);
			runOnlyForDeploymentPostprocessing = 0;
		};
/* End PBXResourcesBuildPhase section */

/* Begin PBXShellScriptBuildPhase section */
		FC2EB32529B14736003F0362 /* Swiftlint */ = {
			isa = PBXShellScriptBuildPhase;
			alwaysOutOfDate = 1;
			buildActionMask = 2147483647;
			files = (
			);
			inputFileListPaths = (
			);
			inputPaths = (
			);
			name = Swiftlint;
			outputFileListPaths = (
			);
			outputPaths = (
			);
			runOnlyForDeploymentPostprocessing = 0;
			shellPath = /bin/sh;
			shellScript = "if which swiftlint >/dev/null; then\n    swiftlint\nelse\n    echo \"warning: SwiftLint not installed, download from https://github.com/realm/SwiftLint\"\nfi\n";
		};
/* End PBXShellScriptBuildPhase section */

/* Begin PBXSourcesBuildPhase section */
		FC3E7B5729ACE7D500ED3A70 /* Sources */ = {
			isa = PBXSourcesBuildPhase;
			buildActionMask = 2147483647;
			files = (
				FC3E7B5F29ACE7D500ED3A70 /* swiftyApp.swift in Sources */,
				FC503F0029C8C71800F0A2FA /* UIImagePickerFilter.swift in Sources */,
				FC503F0D29C8C71800F0A2FA /* PHPickerView.swift in Sources */,
				FC503EFF29C8C71800F0A2FA /* Version.swift in Sources */,
				FC503F0C29C8C71800F0A2FA /* UIDocumentPickerView.swift in Sources */,
				FCA8620929E0235C00B28FC1 /* WebView.swift in Sources */,
				FC9E344629C9ECCC000138F9 /* LocationsManager.swift in Sources */,
				FC3E7BBE29AFC3F300ED3A70 /* CoaModel.swift in Sources */,
				FC3E7B9A29AD1BB500ED3A70 /* Constante.swift in Sources */,
				FC3E7BB029AE855200ED3A70 /* UserManager.swift in Sources */,
				FCF60F942A39E40000043273 /* PiscineView.swift in Sources */,
				FC2EB32829B14CE1003F0362 /* HistoriqueUsersView.swift in Sources */,
				FC503F0329C8C71800F0A2FA /* MediaPickerFilter.swift in Sources */,
				FC503F1029C8C71900F0A2FA /* DocumentURL.swift in Sources */,
				FC6A6A4029D350AE007FC09B /* ProjectView.swift in Sources */,
				FC9325DE29AFF46100EAFCFA /* UserAchievementView.swift in Sources */,
				FCC32E2429D2246900D0DCB2 /* ProjectModel.swift in Sources */,
				FCE81FCA29B00CA400D9F330 /* AchievementDataModel.swift in Sources */,
				FC3E7BB829AEBD7400ED3A70 /* UserOnGoingProjectView.swift in Sources */,
				FCF60F982A3B508500043273 /* PiscinerManager.swift in Sources */,
				FC503F1129C8C71900F0A2FA /* LivePhotoView.swift in Sources */,
				FC1422F029DC694500B116C6 /* TeamModel.swift in Sources */,
				FCC32E2629D22B9100D0DCB2 /* ProjectService.swift in Sources */,
				FC503F0829C8C71800F0A2FA /* MediaPickerResult.swift in Sources */,
				FC3E7BBA29AEC3EA00ED3A70 /* UserFinishedProjectsView.swift in Sources */,
				FC3E7B8929ACE9CC00ED3A70 /* TokenAPIView.swift in Sources */,
				FCF60F9C2A3B53A600043273 /* PiscinerModel.swift in Sources */,
				FC503F0929C8C71800F0A2FA /* MediaPickerViewModifier.swift in Sources */,
				FC9E344229C9E944000138F9 /* LocationModel.swift in Sources */,
				FC503F0A29C8C71800F0A2FA /* MediaPickerView.swift in Sources */,
				FC503F0129C8C71800F0A2FA /* MediaPickerType.swift in Sources */,
				FCF60F9E2A3CB05100043273 /* PoulainView.swift in Sources */,
				FCF60F9A2A3B511A00043273 /* PiscinerService.swift in Sources */,
				FC3E7BAC29AE847500ED3A70 /* Extension.swift in Sources */,
				FC3E7B9729AD155D00ED3A70 /* CredentialManager.swift in Sources */,
				FC503F0429C8C71800F0A2FA /* MediaPickerDocumentView.swift in Sources */,
				FC3E7B9129ACEF9800ED3A70 /* UserServices.swift in Sources */,
				FC3E7BBC29AEC78A00ED3A70 /* UserSkillsView.swift in Sources */,
				FC503F1429C8CB5B00F0A2FA /* FriendsManager.swift in Sources */,
				FCC32E2829D235E800D0DCB2 /* ProjectManager.swift in Sources */,
				FC503F0E29C8C71800F0A2FA /* UIImagePickerView.swift in Sources */,
				FC3E7BAE29AE848300ED3A70 /* Enum.swift in Sources */,
				FC503F1229C8C71900F0A2FA /* PDFDocumentView.swift in Sources */,
				FC503F0729C8C71800F0A2FA /* MediaPickerObjectLoader.swift in Sources */,
				FC3E7B9429ACF84600ED3A70 /* CredentialModel.swift in Sources */,
				FC3E7BA829AE7B7B00ED3A70 /* UserView.swift in Sources */,
				FCC6999A29B4CC1A00C704E6 /* CampusUserModel.swift in Sources */,
				FC5C4B0F29C1FE410009F4FD /* FriendsView.swift in Sources */,
				FC3E7B8E29ACEC8B00ED3A70 /* UserSearchView.swift in Sources */,
				FC1422F229DC70CE00B116C6 /* TeamService.swift in Sources */,
				FC1422F429DC726500B116C6 /* TeamManager.swift in Sources */,
				FC503EFE29C8C71800F0A2FA /* MediaPickerService.swift in Sources */,
				FC503F0F29C8C71900F0A2FA /* PDFKitView.swift in Sources */,
				FCE81FCC29B00F4300D9F330 /* UserAchievementManager.swift in Sources */,
				FC9E344429C9EB5E000138F9 /* LocationsService.swift in Sources */,
				FC503F0629C8C71800F0A2FA /* MediaPickerSingleView.swift in Sources */,
				FC3E7B9F29AE36A400ED3A70 /* Lottie.swift in Sources */,
				FC3E7BAA29AE83F000ED3A70 /* UserModel.swift in Sources */,
				FC503F0529C8C71800F0A2FA /* MediaPickerMultipleView.swift in Sources */,
				FC503F1629C8CBFE00F0A2FA /* FriendsService.swift in Sources */,
				FC503F0B29C8C71800F0A2FA /* MediaPickerSelectionLimit.swift in Sources */,
				FC503F0229C8C71800F0A2FA /* DocumentSupportedType.swift in Sources */,
				FC503EDE29C8BE3900F0A2FA /* FileGestionView.swift in Sources */,
				FC3E7BB629AE969400ED3A70 /* UserCardView.swift in Sources */,
			);
			runOnlyForDeploymentPostprocessing = 0;
		};
/* End PBXSourcesBuildPhase section */

/* Begin XCBuildConfiguration section */
		FC3E7B7D29ACE7D700ED3A70 /* Debug */ = {
			isa = XCBuildConfiguration;
			buildSettings = {
				ALWAYS_SEARCH_USER_PATHS = NO;
				CLANG_ANALYZER_NONNULL = YES;
				CLANG_ANALYZER_NUMBER_OBJECT_CONVERSION = YES_AGGRESSIVE;
				CLANG_CXX_LANGUAGE_STANDARD = "gnu++20";
				CLANG_ENABLE_MODULES = YES;
				CLANG_ENABLE_OBJC_ARC = YES;
				CLANG_ENABLE_OBJC_WEAK = YES;
				CLANG_WARN_BLOCK_CAPTURE_AUTORELEASING = YES;
				CLANG_WARN_BOOL_CONVERSION = YES;
				CLANG_WARN_COMMA = YES;
				CLANG_WARN_CONSTANT_CONVERSION = YES;
				CLANG_WARN_DEPRECATED_OBJC_IMPLEMENTATIONS = YES;
				CLANG_WARN_DIRECT_OBJC_ISA_USAGE = YES_ERROR;
				CLANG_WARN_DOCUMENTATION_COMMENTS = YES;
				CLANG_WARN_EMPTY_BODY = YES;
				CLANG_WARN_ENUM_CONVERSION = YES;
				CLANG_WARN_INFINITE_RECURSION = YES;
				CLANG_WARN_INT_CONVERSION = YES;
				CLANG_WARN_NON_LITERAL_NULL_CONVERSION = YES;
				CLANG_WARN_OBJC_IMPLICIT_RETAIN_SELF = YES;
				CLANG_WARN_OBJC_LITERAL_CONVERSION = YES;
				CLANG_WARN_OBJC_ROOT_CLASS = YES_ERROR;
				CLANG_WARN_QUOTED_INCLUDE_IN_FRAMEWORK_HEADER = YES;
				CLANG_WARN_RANGE_LOOP_ANALYSIS = YES;
				CLANG_WARN_STRICT_PROTOTYPES = YES;
				CLANG_WARN_SUSPICIOUS_MOVE = YES;
				CLANG_WARN_UNGUARDED_AVAILABILITY = YES_AGGRESSIVE;
				CLANG_WARN_UNREACHABLE_CODE = YES;
				CLANG_WARN__DUPLICATE_METHOD_MATCH = YES;
				COPY_PHASE_STRIP = NO;
				DEBUG_INFORMATION_FORMAT = dwarf;
				ENABLE_STRICT_OBJC_MSGSEND = YES;
				ENABLE_TESTABILITY = YES;
				GCC_C_LANGUAGE_STANDARD = gnu11;
				GCC_DYNAMIC_NO_PIC = NO;
				GCC_NO_COMMON_BLOCKS = YES;
				GCC_OPTIMIZATION_LEVEL = 0;
				GCC_PREPROCESSOR_DEFINITIONS = (
					"DEBUG=1",
					"$(inherited)",
				);
				GCC_WARN_64_TO_32_BIT_CONVERSION = YES;
				GCC_WARN_ABOUT_RETURN_TYPE = YES_ERROR;
				GCC_WARN_UNDECLARED_SELECTOR = YES;
				GCC_WARN_UNINITIALIZED_AUTOS = YES_AGGRESSIVE;
				GCC_WARN_UNUSED_FUNCTION = YES;
				GCC_WARN_UNUSED_VARIABLE = YES;
				IPHONEOS_DEPLOYMENT_TARGET = 16.1;
				MTL_ENABLE_DEBUG_INFO = INCLUDE_SOURCE;
				MTL_FAST_MATH = YES;
				ONLY_ACTIVE_ARCH = YES;
				SDKROOT = iphoneos;
				SWIFT_ACTIVE_COMPILATION_CONDITIONS = DEBUG;
				SWIFT_OPTIMIZATION_LEVEL = "-Onone";
			};
			name = Debug;
		};
		FC3E7B7E29ACE7D700ED3A70 /* Release */ = {
			isa = XCBuildConfiguration;
			buildSettings = {
				ALWAYS_SEARCH_USER_PATHS = NO;
				CLANG_ANALYZER_NONNULL = YES;
				CLANG_ANALYZER_NUMBER_OBJECT_CONVERSION = YES_AGGRESSIVE;
				CLANG_CXX_LANGUAGE_STANDARD = "gnu++20";
				CLANG_ENABLE_MODULES = YES;
				CLANG_ENABLE_OBJC_ARC = YES;
				CLANG_ENABLE_OBJC_WEAK = YES;
				CLANG_WARN_BLOCK_CAPTURE_AUTORELEASING = YES;
				CLANG_WARN_BOOL_CONVERSION = YES;
				CLANG_WARN_COMMA = YES;
				CLANG_WARN_CONSTANT_CONVERSION = YES;
				CLANG_WARN_DEPRECATED_OBJC_IMPLEMENTATIONS = YES;
				CLANG_WARN_DIRECT_OBJC_ISA_USAGE = YES_ERROR;
				CLANG_WARN_DOCUMENTATION_COMMENTS = YES;
				CLANG_WARN_EMPTY_BODY = YES;
				CLANG_WARN_ENUM_CONVERSION = YES;
				CLANG_WARN_INFINITE_RECURSION = YES;
				CLANG_WARN_INT_CONVERSION = YES;
				CLANG_WARN_NON_LITERAL_NULL_CONVERSION = YES;
				CLANG_WARN_OBJC_IMPLICIT_RETAIN_SELF = YES;
				CLANG_WARN_OBJC_LITERAL_CONVERSION = YES;
				CLANG_WARN_OBJC_ROOT_CLASS = YES_ERROR;
				CLANG_WARN_QUOTED_INCLUDE_IN_FRAMEWORK_HEADER = YES;
				CLANG_WARN_RANGE_LOOP_ANALYSIS = YES;
				CLANG_WARN_STRICT_PROTOTYPES = YES;
				CLANG_WARN_SUSPICIOUS_MOVE = YES;
				CLANG_WARN_UNGUARDED_AVAILABILITY = YES_AGGRESSIVE;
				CLANG_WARN_UNREACHABLE_CODE = YES;
				CLANG_WARN__DUPLICATE_METHOD_MATCH = YES;
				COPY_PHASE_STRIP = NO;
				DEBUG_INFORMATION_FORMAT = "dwarf-with-dsym";
				ENABLE_NS_ASSERTIONS = NO;
				ENABLE_STRICT_OBJC_MSGSEND = YES;
				GCC_C_LANGUAGE_STANDARD = gnu11;
				GCC_NO_COMMON_BLOCKS = YES;
				GCC_WARN_64_TO_32_BIT_CONVERSION = YES;
				GCC_WARN_ABOUT_RETURN_TYPE = YES_ERROR;
				GCC_WARN_UNDECLARED_SELECTOR = YES;
				GCC_WARN_UNINITIALIZED_AUTOS = YES_AGGRESSIVE;
				GCC_WARN_UNUSED_FUNCTION = YES;
				GCC_WARN_UNUSED_VARIABLE = YES;
				IPHONEOS_DEPLOYMENT_TARGET = 16.1;
				MTL_ENABLE_DEBUG_INFO = NO;
				MTL_FAST_MATH = YES;
				SDKROOT = iphoneos;
				SWIFT_COMPILATION_MODE = wholemodule;
				SWIFT_OPTIMIZATION_LEVEL = "-O";
				VALIDATE_PRODUCT = YES;
			};
			name = Release;
		};
		FC3E7B8029ACE7D700ED3A70 /* Debug */ = {
			isa = XCBuildConfiguration;
			buildSettings = {
				ASSETCATALOG_COMPILER_APPICON_NAME = AppIcon;
				ASSETCATALOG_COMPILER_GLOBAL_ACCENT_COLOR_NAME = AccentColor;
				CODE_SIGN_STYLE = Automatic;
				CURRENT_PROJECT_VERSION = 1;
				DEVELOPMENT_ASSET_PATHS = "\"swifty/Preview Content\"";
				DEVELOPMENT_TEAM = 96388BF5TL;
				ENABLE_PREVIEWS = YES;
				GENERATE_INFOPLIST_FILE = YES;
				INFOPLIST_FILE = swifty/Info.plist;
				INFOPLIST_KEY_UIApplicationSupportsIndirectInputEvents = YES;
				INFOPLIST_KEY_UILaunchScreen_Generation = YES;
				INFOPLIST_KEY_UIStatusBarHidden = YES;
				INFOPLIST_KEY_UIStatusBarStyle = UIStatusBarStyleDarkContent;
				INFOPLIST_KEY_UISupportedInterfaceOrientations = "UIInterfaceOrientationLandscapeLeft UIInterfaceOrientationLandscapeRight UIInterfaceOrientationPortrait";
				INFOPLIST_KEY_UISupportedInterfaceOrientations_iPad = "UIInterfaceOrientationLandscapeLeft UIInterfaceOrientationLandscapeRight UIInterfaceOrientationPortrait UIInterfaceOrientationPortraitUpsideDown";
				IPHONEOS_DEPLOYMENT_TARGET = 16.0;
				LD_RUNPATH_SEARCH_PATHS = (
					"$(inherited)",
					"@executable_path/Frameworks",
				);
				MARKETING_VERSION = 1.0;
				PRODUCT_BUNDLE_IDENTIFIER = "bexas.swifty-companion";
				PRODUCT_NAME = "$(TARGET_NAME)";
				SUPPORTED_PLATFORMS = "iphoneos iphonesimulator";
				SUPPORTS_MACCATALYST = NO;
				SUPPORTS_MAC_DESIGNED_FOR_IPHONE_IPAD = NO;
				SWIFT_EMIT_LOC_STRINGS = YES;
				SWIFT_VERSION = 5.0;
				TARGETED_DEVICE_FAMILY = 1;
			};
			name = Debug;
		};
		FC3E7B8129ACE7D700ED3A70 /* Release */ = {
			isa = XCBuildConfiguration;
			buildSettings = {
				ASSETCATALOG_COMPILER_APPICON_NAME = AppIcon;
				ASSETCATALOG_COMPILER_GLOBAL_ACCENT_COLOR_NAME = AccentColor;
				CODE_SIGN_STYLE = Automatic;
				CURRENT_PROJECT_VERSION = 1;
				DEVELOPMENT_ASSET_PATHS = "\"swifty/Preview Content\"";
				DEVELOPMENT_TEAM = 96388BF5TL;
				ENABLE_PREVIEWS = YES;
				GENERATE_INFOPLIST_FILE = YES;
				INFOPLIST_FILE = swifty/Info.plist;
				INFOPLIST_KEY_UIApplicationSupportsIndirectInputEvents = YES;
				INFOPLIST_KEY_UILaunchScreen_Generation = YES;
				INFOPLIST_KEY_UIStatusBarHidden = YES;
				INFOPLIST_KEY_UIStatusBarStyle = UIStatusBarStyleDarkContent;
				INFOPLIST_KEY_UISupportedInterfaceOrientations = "UIInterfaceOrientationLandscapeLeft UIInterfaceOrientationLandscapeRight UIInterfaceOrientationPortrait";
				INFOPLIST_KEY_UISupportedInterfaceOrientations_iPad = "UIInterfaceOrientationLandscapeLeft UIInterfaceOrientationLandscapeRight UIInterfaceOrientationPortrait UIInterfaceOrientationPortraitUpsideDown";
				IPHONEOS_DEPLOYMENT_TARGET = 16.0;
				LD_RUNPATH_SEARCH_PATHS = (
					"$(inherited)",
					"@executable_path/Frameworks",
				);
				MARKETING_VERSION = 1.0;
				PRODUCT_BUNDLE_IDENTIFIER = "bexas.swifty-companion";
				PRODUCT_NAME = "$(TARGET_NAME)";
				SUPPORTED_PLATFORMS = "iphoneos iphonesimulator";
				SUPPORTS_MACCATALYST = NO;
				SUPPORTS_MAC_DESIGNED_FOR_IPHONE_IPAD = NO;
				SWIFT_EMIT_LOC_STRINGS = YES;
				SWIFT_VERSION = 5.0;
				TARGETED_DEVICE_FAMILY = 1;
			};
			name = Release;
		};
/* End XCBuildConfiguration section */

/* Begin XCConfigurationList section */
		FC3E7B5629ACE7D500ED3A70 /* Build configuration list for PBXProject "swifty" */ = {
			isa = XCConfigurationList;
			buildConfigurations = (
				FC3E7B7D29ACE7D700ED3A70 /* Debug */,
				FC3E7B7E29ACE7D700ED3A70 /* Release */,
			);
			defaultConfigurationIsVisible = 0;
			defaultConfigurationName = Release;
		};
		FC3E7B7F29ACE7D700ED3A70 /* Build configuration list for PBXNativeTarget "swifty" */ = {
			isa = XCConfigurationList;
			buildConfigurations = (
				FC3E7B8029ACE7D700ED3A70 /* Debug */,
				FC3E7B8129ACE7D700ED3A70 /* Release */,
			);
			defaultConfigurationIsVisible = 0;
			defaultConfigurationName = Release;
		};
/* End XCConfigurationList section */

/* Begin XCRemoteSwiftPackageReference section */
		FC3E7B9B29AE359D00ED3A70 /* XCRemoteSwiftPackageReference "lottie-ios" */ = {
			isa = XCRemoteSwiftPackageReference;
			repositoryURL = "https://github.com/airbnb/lottie-ios.git";
			requirement = {
				kind = upToNextMajorVersion;
				minimumVersion = 4.0.0;
			};
		};
		FC3E7BB229AE94F100ED3A70 /* XCRemoteSwiftPackageReference "Kingfisher" */ = {
			isa = XCRemoteSwiftPackageReference;
			repositoryURL = "https://github.com/onevcat/Kingfisher.git";
			requirement = {
				branch = master;
				kind = branch;
			};
		};
		FCE81FC329AFFFE200D9F330 /* XCRemoteSwiftPackageReference "SDWebImageSwiftUI" */ = {
			isa = XCRemoteSwiftPackageReference;
			repositoryURL = "https://github.com/SDWebImage/SDWebImageSwiftUI.git";
			requirement = {
				kind = upToNextMajorVersion;
				minimumVersion = 2.0.0;
			};
		};
		FCE81FC629B0025A00D9F330 /* XCRemoteSwiftPackageReference "SDWebImageSVGCoder" */ = {
			isa = XCRemoteSwiftPackageReference;
			repositoryURL = "https://github.com/SDWebImage/SDWebImageSVGCoder.git";
			requirement = {
				kind = upToNextMajorVersion;
				minimumVersion = 1.0.0;
			};
		};
/* End XCRemoteSwiftPackageReference section */

/* Begin XCSwiftPackageProductDependency section */
		FC3E7B9C29AE359D00ED3A70 /* Lottie */ = {
			isa = XCSwiftPackageProductDependency;
			package = FC3E7B9B29AE359D00ED3A70 /* XCRemoteSwiftPackageReference "lottie-ios" */;
			productName = Lottie;
		};
		FC3E7BB329AE94F100ED3A70 /* Kingfisher */ = {
			isa = XCSwiftPackageProductDependency;
			package = FC3E7BB229AE94F100ED3A70 /* XCRemoteSwiftPackageReference "Kingfisher" */;
			productName = Kingfisher;
		};
		FCE81FC429AFFFE200D9F330 /* SDWebImageSwiftUI */ = {
			isa = XCSwiftPackageProductDependency;
			package = FCE81FC329AFFFE200D9F330 /* XCRemoteSwiftPackageReference "SDWebImageSwiftUI" */;
			productName = SDWebImageSwiftUI;
		};
		FCE81FC729B0025A00D9F330 /* SDWebImageSVGCoder */ = {
			isa = XCSwiftPackageProductDependency;
			package = FCE81FC629B0025A00D9F330 /* XCRemoteSwiftPackageReference "SDWebImageSVGCoder" */;
			productName = SDWebImageSVGCoder;
		};
/* End XCSwiftPackageProductDependency section */
	};
	rootObject = FC3E7B5329ACE7D500ED3A70 /* Project object */;
}
